
Microsoft Visual Studio Solution File, Format Version 12.00
# Visual Studio 14
VisualStudioVersion = 14.0.25420.1
MinimumVisualStudioVersion = 10.0.40219.1
Project("{8BC9CEB8-8B4A-11D0-8D11-00A0C91BC942}") = "ProjectForecast", "ProjectForecast\ProjectForecast.vcxproj", "{6007809A-E56B-4099-BD69-09AE845ED99F}"
EndProject
Global
	GlobalSection(SolutionConfigurationPlatforms) = preSolution
		Debug|x64 = Debug|x64
		Debug|x86 = Debug|x86
		Debug-UnitTest|x64 = Debug-UnitTest|x64
		Debug-UnitTest|x86 = Debug-UnitTest|x86
		Release|x64 = Release|x64
		Release|x86 = Release|x86
		Release-UnitTest|x64 = Release-UnitTest|x64
		Release-UnitTest|x86 = Release-UnitTest|x86
	EndGlobalSection
	GlobalSection(ProjectConfigurationPlatforms) = postSolution
		{6007809A-E56B-4099-BD69-09AE845ED99F}.Debug|x64.ActiveCfg = Debug|x64
		{6007809A-E56B-4099-BD69-09AE845ED99F}.Debug|x64.Build.0 = Debug|x64
		{6007809A-E56B-4099-BD69-09AE845ED99F}.Debug|x86.ActiveCfg = Debug|Win32
		{6007809A-E56B-4099-BD69-09AE845ED99F}.Debug|x86.Build.0 = Debug|Win32
		{6007809A-E56B-4099-BD69-09AE845ED99F}.Debug-UnitTest|x64.ActiveCfg = Debug-UnitTest|x64
		{6007809A-E56B-4099-BD69-09AE845ED99F}.Debug-UnitTest|x64.Build.0 = Debug-UnitTest|x64
		{6007809A-E56B-4099-BD69-09AE845ED99F}.Debug-UnitTest|x86.ActiveCfg = Debug-UnitTest|Win32
		{6007809A-E56B-4099-BD69-09AE845ED99F}.Debug-UnitTest|x86.Build.0 = Debug-UnitTest|Win32
		{6007809A-E56B-4099-BD69-09AE845ED99F}.Release|x64.ActiveCfg = Release|x64
		{6007809A-E56B-4099-BD69-09AE845ED99F}.Release|x64.Build.0 = Release|x64
		{6007809A-E56B-4099-BD69-09AE845ED99F}.Release|x86.ActiveCfg = Release|Win32
		{6007809A-E56B-4099-BD69-09AE845ED99F}.Release|x86.Build.0 = Release|Win32
		{6007809A-E56B-4099-BD69-09AE845ED99F}.Release-UnitTest|x64.ActiveCfg = Release-UnitTest|x64
		{6007809A-E56B-4099-BD69-09AE845ED99F}.Release-UnitTest|x64.Build.0 = Release-UnitTest|x64
		{6007809A-E56B-4099-BD69-09AE845ED99F}.Release-UnitTest|x86.ActiveCfg = Release-UnitTest|Win32
		{6007809A-E56B-4099-BD69-09AE845ED99F}.Release-UnitTest|x86.Build.0 = Release-UnitTest|Win32
	EndGlobalSection
	GlobalSection(SolutionProperties) = preSolution
		HideSolutionNode = FALSE
	EndGlobalSection
EndGlobal
